// !$*UTF8*$!
{
	archiveVersion = 1;
	classes = {
	};
	objectVersion = 55;
	objects = {

/* Begin PBXBuildFile section */
		378E3A6928B53BFA00A41D9E /* AppDelegate.swift in Sources */ = {isa = PBXBuildFile; fileRef = 378E3A6828B53BFA00A41D9E /* AppDelegate.swift */; };
		378E3A6B28B53BFA00A41D9E /* SceneDelegate.swift in Sources */ = {isa = PBXBuildFile; fileRef = 378E3A6A28B53BFA00A41D9E /* SceneDelegate.swift */; };
		378E3A6D28B53BFA00A41D9E /* ViewController.swift in Sources */ = {isa = PBXBuildFile; fileRef = 378E3A6C28B53BFA00A41D9E /* ViewController.swift */; };
		378E3A7028B53BFA00A41D9E /* Main.storyboard in Resources */ = {isa = PBXBuildFile; fileRef = 378E3A6E28B53BFA00A41D9E /* Main.storyboard */; };
		378E3A7328B53BFA00A41D9E /* MarvelApp.xcdatamodeld in Sources */ = {isa = PBXBuildFile; fileRef = 378E3A7128B53BFA00A41D9E /* MarvelApp.xcdatamodeld */; };
		378E3A7528B53BFC00A41D9E /* Assets.xcassets in Resources */ = {isa = PBXBuildFile; fileRef = 378E3A7428B53BFC00A41D9E /* Assets.xcassets */; };
		378E3A7828B53BFC00A41D9E /* LaunchScreen.storyboard in Resources */ = {isa = PBXBuildFile; fileRef = 378E3A7628B53BFC00A41D9E /* LaunchScreen.storyboard */; };
		378E3A8328B53BFC00A41D9E /* MarvelAppTests.swift in Sources */ = {isa = PBXBuildFile; fileRef = 378E3A8228B53BFC00A41D9E /* MarvelAppTests.swift */; };
		378E3A8D28B53BFC00A41D9E /* MarvelAppUITests.swift in Sources */ = {isa = PBXBuildFile; fileRef = 378E3A8C28B53BFC00A41D9E /* MarvelAppUITests.swift */; };
		378E3A8F28B53BFC00A41D9E /* MarvelAppUITestsLaunchTests.swift in Sources */ = {isa = PBXBuildFile; fileRef = 378E3A8E28B53BFC00A41D9E /* MarvelAppUITestsLaunchTests.swift */; };
/* End PBXBuildFile section */

/* Begin PBXContainerItemProxy section */
		378E3A7F28B53BFC00A41D9E /* PBXContainerItemProxy */ = {
			isa = PBXContainerItemProxy;
			containerPortal = 378E3A5D28B53BFA00A41D9E /* Project object */;
			proxyType = 1;
			remoteGlobalIDString = 378E3A6428B53BFA00A41D9E;
			remoteInfo = MarvelApp;
		};
		378E3A8928B53BFC00A41D9E /* PBXContainerItemProxy */ = {
			isa = PBXContainerItemProxy;
			containerPortal = 378E3A5D28B53BFA00A41D9E /* Project object */;
			proxyType = 1;
			remoteGlobalIDString = 378E3A6428B53BFA00A41D9E;
			remoteInfo = MarvelApp;
		};
/* End PBXContainerItemProxy section */

/* Begin PBXFileReference section */
		378E3A6528B53BFA00A41D9E /* MarvelApp.app */ = {isa = PBXFileReference; explicitFileType = wrapper.application; includeInIndex = 0; path = MarvelApp.app; sourceTree = BUILT_PRODUCTS_DIR; };
		378E3A6828B53BFA00A41D9E /* AppDelegate.swift */ = {isa = PBXFileReference; lastKnownFileType = sourcecode.swift; path = AppDelegate.swift; sourceTree = "<group>"; };
		378E3A6A28B53BFA00A41D9E /* SceneDelegate.swift */ = {isa = PBXFileReference; lastKnownFileType = sourcecode.swift; path = SceneDelegate.swift; sourceTree = "<group>"; };
		378E3A6C28B53BFA00A41D9E /* ViewController.swift */ = {isa = PBXFileReference; lastKnownFileType = sourcecode.swift; path = ViewController.swift; sourceTree = "<group>"; };
		378E3A6F28B53BFA00A41D9E /* Base */ = {isa = PBXFileReference; lastKnownFileType = file.storyboard; name = Base; path = Base.lproj/Main.storyboard; sourceTree = "<group>"; };
		378E3A7228B53BFA00A41D9E /* MarvelApp.xcdatamodel */ = {isa = PBXFileReference; lastKnownFileType = wrapper.xcdatamodel; path = MarvelApp.xcdatamodel; sourceTree = "<group>"; };
		378E3A7428B53BFC00A41D9E /* Assets.xcassets */ = {isa = PBXFileReference; lastKnownFileType = folder.assetcatalog; path = Assets.xcassets; sourceTree = "<group>"; };
		378E3A7728B53BFC00A41D9E /* Base */ = {isa = PBXFileReference; lastKnownFileType = file.storyboard; name = Base; path = Base.lproj/LaunchScreen.storyboard; sourceTree = "<group>"; };
		378E3A7928B53BFC00A41D9E /* Info.plist */ = {isa = PBXFileReference; lastKnownFileType = text.plist.xml; path = Info.plist; sourceTree = "<group>"; };
		378E3A7E28B53BFC00A41D9E /* MarvelAppTests.xctest */ = {isa = PBXFileReference; explicitFileType = wrapper.cfbundle; includeInIndex = 0; path = MarvelAppTests.xctest; sourceTree = BUILT_PRODUCTS_DIR; };
		378E3A8228B53BFC00A41D9E /* MarvelAppTests.swift */ = {isa = PBXFileReference; lastKnownFileType = sourcecode.swift; path = MarvelAppTests.swift; sourceTree = "<group>"; };
		378E3A8828B53BFC00A41D9E /* MarvelAppUITests.xctest */ = {isa = PBXFileReference; explicitFileType = wrapper.cfbundle; includeInIndex = 0; path = MarvelAppUITests.xctest; sourceTree = BUILT_PRODUCTS_DIR; };
		378E3A8C28B53BFC00A41D9E /* MarvelAppUITests.swift */ = {isa = PBXFileReference; lastKnownFileType = sourcecode.swift; path = MarvelAppUITests.swift; sourceTree = "<group>"; };
		378E3A8E28B53BFC00A41D9E /* MarvelAppUITestsLaunchTests.swift */ = {isa = PBXFileReference; lastKnownFileType = sourcecode.swift; path = MarvelAppUITestsLaunchTests.swift; sourceTree = "<group>"; };
/* End PBXFileReference section */

/* Begin PBXFrameworksBuildPhase section */
		378E3A6228B53BFA00A41D9E /* Frameworks */ = {
			isa = PBXFrameworksBuildPhase;
			buildActionMask = 2147483647;
			files = (
			);
			runOnlyForDeploymentPostprocessing = 0;
		};
		378E3A7B28B53BFC00A41D9E /* Frameworks */ = {
			isa = PBXFrameworksBuildPhase;
			buildActionMask = 2147483647;
			files = (
			);
			runOnlyForDeploymentPostprocessing = 0;
		};
		378E3A8528B53BFC00A41D9E /* Frameworks */ = {
			isa = PBXFrameworksBuildPhase;
			buildActionMask = 2147483647;
			files = (
			);
			runOnlyForDeploymentPostprocessing = 0;
		};
/* End PBXFrameworksBuildPhase section */

/* Begin PBXGroup section */
		378E3A5C28B53BFA00A41D9E = {
			isa = PBXGroup;
			children = (
				378E3A6728B53BFA00A41D9E /* MarvelApp */,
				378E3A8128B53BFC00A41D9E /* MarvelAppTests */,
				378E3A8B28B53BFC00A41D9E /* MarvelAppUITests */,
				378E3A6628B53BFA00A41D9E /* Products */,
			);
			sourceTree = "<group>";
		};
		378E3A6628B53BFA00A41D9E /* Products */ = {
			isa = PBXGroup;
			children = (
				378E3A6528B53BFA00A41D9E /* MarvelApp.app */,
				378E3A7E28B53BFC00A41D9E /* MarvelAppTests.xctest */,
				378E3A8828B53BFC00A41D9E /* MarvelAppUITests.xctest */,
			);
			name = Products;
			sourceTree = "<group>";
		};
		378E3A6728B53BFA00A41D9E /* MarvelApp */ = {
			isa = PBXGroup;
			children = (
				378E3A6828B53BFA00A41D9E /* AppDelegate.swift */,
				378E3A6A28B53BFA00A41D9E /* SceneDelegate.swift */,
				378E3A6C28B53BFA00A41D9E /* ViewController.swift */,
				378E3A6E28B53BFA00A41D9E /* Main.storyboard */,
				378E3A7428B53BFC00A41D9E /* Assets.xcassets */,
				378E3A7628B53BFC00A41D9E /* LaunchScreen.storyboard */,
				378E3A7928B53BFC00A41D9E /* Info.plist */,
				378E3A7128B53BFA00A41D9E /* MarvelApp.xcdatamodeld */,
			);
			path = MarvelApp;
			sourceTree = "<group>";
		};
		378E3A8128B53BFC00A41D9E /* MarvelAppTests */ = {
			isa = PBXGroup;
			children = (
				378E3A8228B53BFC00A41D9E /* MarvelAppTests.swift */,
			);
			path = MarvelAppTests;
			sourceTree = "<group>";
		};
		378E3A8B28B53BFC00A41D9E /* MarvelAppUITests */ = {
			isa = PBXGroup;
			children = (
				378E3A8C28B53BFC00A41D9E /* MarvelAppUITests.swift */,
				378E3A8E28B53BFC00A41D9E /* MarvelAppUITestsLaunchTests.swift */,
			);
			path = MarvelAppUITests;
			sourceTree = "<group>";
		};
/* End PBXGroup section */

/* Begin PBXNativeTarget section */
		378E3A6428B53BFA00A41D9E /* MarvelApp */ = {
			isa = PBXNativeTarget;
			buildConfigurationList = 378E3A9228B53BFC00A41D9E /* Build configuration list for PBXNativeTarget "MarvelApp" */;
			buildPhases = (
				378E3A6128B53BFA00A41D9E /* Sources */,
				378E3A6228B53BFA00A41D9E /* Frameworks */,
				378E3A6328B53BFA00A41D9E /* Resources */,
			);
			buildRules = (
			);
			dependencies = (
			);
			name = MarvelApp;
			productName = MarvelApp;
			productReference = 378E3A6528B53BFA00A41D9E /* MarvelApp.app */;
			productType = "com.apple.product-type.application";
		};
		378E3A7D28B53BFC00A41D9E /* MarvelAppTests */ = {
			isa = PBXNativeTarget;
			buildConfigurationList = 378E3A9528B53BFC00A41D9E /* Build configuration list for PBXNativeTarget "MarvelAppTests" */;
			buildPhases = (
				378E3A7A28B53BFC00A41D9E /* Sources */,
				378E3A7B28B53BFC00A41D9E /* Frameworks */,
				378E3A7C28B53BFC00A41D9E /* Resources */,
			);
			buildRules = (
			);
			dependencies = (
				378E3A8028B53BFC00A41D9E /* PBXTargetDependency */,
			);
			name = MarvelAppTests;
			productName = MarvelAppTests;
			productReference = 378E3A7E28B53BFC00A41D9E /* MarvelAppTests.xctest */;
			productType = "com.apple.product-type.bundle.unit-test";
		};
		378E3A8728B53BFC00A41D9E /* MarvelAppUITests */ = {
			isa = PBXNativeTarget;
			buildConfigurationList = 378E3A9828B53BFC00A41D9E /* Build configuration list for PBXNativeTarget "MarvelAppUITests" */;
			buildPhases = (
				378E3A8428B53BFC00A41D9E /* Sources */,
				378E3A8528B53BFC00A41D9E /* Frameworks */,
				378E3A8628B53BFC00A41D9E /* Resources */,
			);
			buildRules = (
			);
			dependencies = (
				378E3A8A28B53BFC00A41D9E /* PBXTargetDependency */,
			);
			name = MarvelAppUITests;
			productName = MarvelAppUITests;
			productReference = 378E3A8828B53BFC00A41D9E /* MarvelAppUITests.xctest */;
			productType = "com.apple.product-type.bundle.ui-testing";
		};
/* End PBXNativeTarget section */

/* Begin PBXProject section */
		378E3A5D28B53BFA00A41D9E /* Project object */ = {
			isa = PBXProject;
			attributes = {
				BuildIndependentTargetsInParallel = 1;
				LastSwiftUpdateCheck = 1340;
				LastUpgradeCheck = 1340;
				TargetAttributes = {
					378E3A6428B53BFA00A41D9E = {
						CreatedOnToolsVersion = 13.4.1;
					};
					378E3A7D28B53BFC00A41D9E = {
						CreatedOnToolsVersion = 13.4.1;
						TestTargetID = 378E3A6428B53BFA00A41D9E;
					};
					378E3A8728B53BFC00A41D9E = {
						CreatedOnToolsVersion = 13.4.1;
						TestTargetID = 378E3A6428B53BFA00A41D9E;
					};
				};
			};
			buildConfigurationList = 378E3A6028B53BFA00A41D9E /* Build configuration list for PBXProject "MarvelApp" */;
			compatibilityVersion = "Xcode 13.0";
			developmentRegion = en;
			hasScannedForEncodings = 0;
			knownRegions = (
				en,
				Base,
			);
			mainGroup = 378E3A5C28B53BFA00A41D9E;
			productRefGroup = 378E3A6628B53BFA00A41D9E /* Products */;
			projectDirPath = "";
			projectRoot = "";
			targets = (
				378E3A6428B53BFA00A41D9E /* MarvelApp */,
				378E3A7D28B53BFC00A41D9E /* MarvelAppTests */,
				378E3A8728B53BFC00A41D9E /* MarvelAppUITests */,
			);
		};
/* End PBXProject section */

/* Begin PBXResourcesBuildPhase section */
		378E3A6328B53BFA00A41D9E /* Resources */ = {
			isa = PBXResourcesBuildPhase;
			buildActionMask = 2147483647;
			files = (
				378E3A7828B53BFC00A41D9E /* LaunchScreen.storyboard in Resources */,
				378E3A7528B53BFC00A41D9E /* Assets.xcassets in Resources */,
				378E3A7028B53BFA00A41D9E /* Main.storyboard in Resources */,
			);
			runOnlyForDeploymentPostprocessing = 0;
		};
		378E3A7C28B53BFC00A41D9E /* Resources */ = {
			isa = PBXResourcesBuildPhase;
			buildActionMask = 2147483647;
			files = (
			);
			runOnlyForDeploymentPostprocessing = 0;
		};
		378E3A8628B53BFC00A41D9E /* Resources */ = {
			isa = PBXResourcesBuildPhase;
			buildActionMask = 2147483647;
			files = (
			);
			runOnlyForDeploymentPostprocessing = 0;
		};
/* End PBXResourcesBuildPhase section */

/* Begin PBXSourcesBuildPhase section */
		378E3A6128B53BFA00A41D9E /* Sources */ = {
			isa = PBXSourcesBuildPhase;
			buildActionMask = 2147483647;
			files = (
				378E3A6D28B53BFA00A41D9E /* ViewController.swift in Sources */,
				378E3A6928B53BFA00A41D9E /* AppDelegate.swift in Sources */,
				378E3A7328B53BFA00A41D9E /* MarvelApp.xcdatamodeld in Sources */,
				378E3A6B28B53BFA00A41D9E /* SceneDelegate.swift in Sources */,
			);
			runOnlyForDeploymentPostprocessing = 0;
		};
		378E3A7A28B53BFC00A41D9E /* Sources */ = {
			isa = PBXSourcesBuildPhase;
			buildActionMask = 2147483647;
			files = (
				378E3A8328B53BFC00A41D9E /* MarvelAppTests.swift in Sources */,
			);
			runOnlyForDeploymentPostprocessing = 0;
		};
		378E3A8428B53BFC00A41D9E /* Sources */ = {
			isa = PBXSourcesBuildPhase;
			buildActionMask = 2147483647;
			files = (
				378E3A8D28B53BFC00A41D9E /* MarvelAppUITests.swift in Sources */,
				378E3A8F28B53BFC00A41D9E /* MarvelAppUITestsLaunchTests.swift in Sources */,
			);
			runOnlyForDeploymentPostprocessing = 0;
		};
/* End PBXSourcesBuildPhase section */

/* Begin PBXTargetDependency section */
		378E3A8028B53BFC00A41D9E /* PBXTargetDependency */ = {
			isa = PBXTargetDependency;
			target = 378E3A6428B53BFA00A41D9E /* MarvelApp */;
			targetProxy = 378E3A7F28B53BFC00A41D9E /* PBXContainerItemProxy */;
		};
		378E3A8A28B53BFC00A41D9E /* PBXTargetDependency */ = {
			isa = PBXTargetDependency;
			target = 378E3A6428B53BFA00A41D9E /* MarvelApp */;
			targetProxy = 378E3A8928B53BFC00A41D9E /* PBXContainerItemProxy */;
		};
/* End PBXTargetDependency section */

/* Begin PBXVariantGroup section */
		378E3A6E28B53BFA00A41D9E /* Main.storyboard */ = {
			isa = PBXVariantGroup;
			children = (
				378E3A6F28B53BFA00A41D9E /* Base */,
			);
			name = Main.storyboard;
			sourceTree = "<group>";
		};
		378E3A7628B53BFC00A41D9E /* LaunchScreen.storyboard */ = {
			isa = PBXVariantGroup;
			children = (
				378E3A7728B53BFC00A41D9E /* Base */,
			);
			name = LaunchScreen.storyboard;
			sourceTree = "<group>";
		};
/* End PBXVariantGroup section */

/* Begin XCBuildConfiguration section */
		378E3A9028B53BFC00A41D9E /* Debug */ = {
			isa = XCBuildConfiguration;
			buildSettings = {
				ALWAYS_SEARCH_USER_PATHS = NO;
				CLANG_ANALYZER_NONNULL = YES;
				CLANG_ANALYZER_NUMBER_OBJECT_CONVERSION = YES_AGGRESSIVE;
				CLANG_CXX_LANGUAGE_STANDARD = "gnu++17";
				CLANG_ENABLE_MODULES = YES;
				CLANG_ENABLE_OBJC_ARC = YES;
				CLANG_ENABLE_OBJC_WEAK = YES;
				CLANG_WARN_BLOCK_CAPTURE_AUTORELEASING = YES;
				CLANG_WARN_BOOL_CONVERSION = YES;
				CLANG_WARN_COMMA = YES;
				CLANG_WARN_CONSTANT_CONVERSION = YES;
				CLANG_WARN_DEPRECATED_OBJC_IMPLEMENTATIONS = YES;
				CLANG_WARN_DIRECT_OBJC_ISA_USAGE = YES_ERROR;
				CLANG_WARN_DOCUMENTATION_COMMENTS = YES;
				CLANG_WARN_EMPTY_BODY = YES;
				CLANG_WARN_ENUM_CONVERSION = YES;
				CLANG_WARN_INFINITE_RECURSION = YES;
				CLANG_WARN_INT_CONVERSION = YES;
				CLANG_WARN_NON_LITERAL_NULL_CONVERSION = YES;
				CLANG_WARN_OBJC_IMPLICIT_RETAIN_SELF = YES;
				CLANG_WARN_OBJC_LITERAL_CONVERSION = YES;
				CLANG_WARN_OBJC_ROOT_CLASS = YES_ERROR;
				CLANG_WARN_QUOTED_INCLUDE_IN_FRAMEWORK_HEADER = YES;
				CLANG_WARN_RANGE_LOOP_ANALYSIS = YES;
				CLANG_WARN_STRICT_PROTOTYPES = YES;
				CLANG_WARN_SUSPICIOUS_MOVE = YES;
				CLANG_WARN_UNGUARDED_AVAILABILITY = YES_AGGRESSIVE;
				CLANG_WARN_UNREACHABLE_CODE = YES;
				CLANG_WARN__DUPLICATE_METHOD_MATCH = YES;
				COPY_PHASE_STRIP = NO;
				DEBUG_INFORMATION_FORMAT = dwarf;
				ENABLE_STRICT_OBJC_MSGSEND = YES;
				ENABLE_TESTABILITY = YES;
				GCC_C_LANGUAGE_STANDARD = gnu11;
				GCC_DYNAMIC_NO_PIC = NO;
				GCC_NO_COMMON_BLOCKS = YES;
				GCC_OPTIMIZATION_LEVEL = 0;
				GCC_PREPROCESSOR_DEFINITIONS = (
					"DEBUG=1",
					"$(inherited)",
				);
				GCC_WARN_64_TO_32_BIT_CONVERSION = YES;
				GCC_WARN_ABOUT_RETURN_TYPE = YES_ERROR;
				GCC_WARN_UNDECLARED_SELECTOR = YES;
				GCC_WARN_UNINITIALIZED_AUTOS = YES_AGGRESSIVE;
				GCC_WARN_UNUSED_FUNCTION = YES;
				GCC_WARN_UNUSED_VARIABLE = YES;
				IPHONEOS_DEPLOYMENT_TARGET = 15.5;
				MTL_ENABLE_DEBUG_INFO = INCLUDE_SOURCE;
				MTL_FAST_MATH = YES;
				ONLY_ACTIVE_ARCH = YES;
				SDKROOT = iphoneos;
				SWIFT_ACTIVE_COMPILATION_CONDITIONS = DEBUG;
				SWIFT_OPTIMIZATION_LEVEL = "-Onone";
			};
			name = Debug;
		};
		378E3A9128B53BFC00A41D9E /* Release */ = {
			isa = XCBuildConfiguration;
			buildSettings = {
				ALWAYS_SEARCH_USER_PATHS = NO;
				CLANG_ANALYZER_NONNULL = YES;
				CLANG_ANALYZER_NUMBER_OBJECT_CONVERSION = YES_AGGRESSIVE;
				CLANG_CXX_LANGUAGE_STANDARD = "gnu++17";
				CLANG_ENABLE_MODULES = YES;
				CLANG_ENABLE_OBJC_ARC = YES;
				CLANG_ENABLE_OBJC_WEAK = YES;
				CLANG_WARN_BLOCK_CAPTURE_AUTORELEASING = YES;
				CLANG_WARN_BOOL_CONVERSION = YES;
				CLANG_WARN_COMMA = YES;
				CLANG_WARN_CONSTANT_CONVERSION = YES;
				CLANG_WARN_DEPRECATED_OBJC_IMPLEMENTATIONS = YES;
				CLANG_WARN_DIRECT_OBJC_ISA_USAGE = YES_ERROR;
				CLANG_WARN_DOCUMENTATION_COMMENTS = YES;
				CLANG_WARN_EMPTY_BODY = YES;
				CLANG_WARN_ENUM_CONVERSION = YES;
				CLANG_WARN_INFINITE_RECURSION = YES;
				CLANG_WARN_INT_CONVERSION = YES;
				CLANG_WARN_NON_LITERAL_NULL_CONVERSION = YES;
				CLANG_WARN_OBJC_IMPLICIT_RETAIN_SELF = YES;
				CLANG_WARN_OBJC_LITERAL_CONVERSION = YES;
				CLANG_WARN_OBJC_ROOT_CLASS = YES_ERROR;
				CLANG_WARN_QUOTED_INCLUDE_IN_FRAMEWORK_HEADER = YES;
				CLANG_WARN_RANGE_LOOP_ANALYSIS = YES;
				CLANG_WARN_STRICT_PROTOTYPES = YES;
				CLANG_WARN_SUSPICIOUS_MOVE = YES;
				CLANG_WARN_UNGUARDED_AVAILABILITY = YES_AGGRESSIVE;
				CLANG_WARN_UNREACHABLE_CODE = YES;
				CLANG_WARN__DUPLICATE_METHOD_MATCH = YES;
				COPY_PHASE_STRIP = NO;
				DEBUG_INFORMATION_FORMAT = "dwarf-with-dsym";
				ENABLE_NS_ASSERTIONS = NO;
				ENABLE_STRICT_OBJC_MSGSEND = YES;
				GCC_C_LANGUAGE_STANDARD = gnu11;
				GCC_NO_COMMON_BLOCKS = YES;
				GCC_WARN_64_TO_32_BIT_CONVERSION = YES;
				GCC_WARN_ABOUT_RETURN_TYPE = YES_ERROR;
				GCC_WARN_UNDECLARED_SELECTOR = YES;
				GCC_WARN_UNINITIALIZED_AUTOS = YES_AGGRESSIVE;
				GCC_WARN_UNUSED_FUNCTION = YES;
				GCC_WARN_UNUSED_VARIABLE = YES;
				IPHONEOS_DEPLOYMENT_TARGET = 15.5;
				MTL_ENABLE_DEBUG_INFO = NO;
				MTL_FAST_MATH = YES;
				SDKROOT = iphoneos;
				SWIFT_COMPILATION_MODE = wholemodule;
				SWIFT_OPTIMIZATION_LEVEL = "-O";
				VALIDATE_PRODUCT = YES;
			};
			name = Release;
		};
		378E3A9328B53BFC00A41D9E /* Debug */ = {
			isa = XCBuildConfiguration;
			buildSettings = {
				ASSETCATALOG_COMPILER_APPICON_NAME = AppIcon;
				ASSETCATALOG_COMPILER_GLOBAL_ACCENT_COLOR_NAME = AccentColor;
				CODE_SIGN_STYLE = Automatic;
				CURRENT_PROJECT_VERSION = 1;
				GENERATE_INFOPLIST_FILE = YES;
				INFOPLIST_FILE = MarvelApp/Info.plist;
				INFOPLIST_KEY_UIApplicationSupportsIndirectInputEvents = YES;
				INFOPLIST_KEY_UILaunchStoryboardName = LaunchScreen;
				INFOPLIST_KEY_UIMainStoryboardFile = Main;
				INFOPLIST_KEY_UISupportedInterfaceOrientations_iPad = "UIInterfaceOrientationPortrait UIInterfaceOrientationPortraitUpsideDown UIInterfaceOrientationLandscapeLeft UIInterfaceOrientationLandscapeRight";
				INFOPLIST_KEY_UISupportedInterfaceOrientations_iPhone = "UIInterfaceOrientationPortrait UIInterfaceOrientationLandscapeLeft UIInterfaceOrientationLandscapeRight";
				IPHONEOS_DEPLOYMENT_TARGET = 13.0;
				LD_RUNPATH_SEARCH_PATHS = (
					"$(inherited)",
					"@executable_path/Frameworks",
				);
				MARKETING_VERSION = 1.0;
				PRODUCT_BUNDLE_IDENTIFIER = mart.MarvelApp;
				PRODUCT_NAME = "$(TARGET_NAME)";
				SWIFT_EMIT_LOC_STRINGS = YES;
				SWIFT_VERSION = 5.0;
				TARGETED_DEVICE_FAMILY = 1;
			};
			name = Debug;
		};
		378E3A9428B53BFC00A41D9E /* Release */ = {
			isa = XCBuildConfiguration;
			buildSettings = {
				ASSETCATALOG_COMPILER_APPICON_NAME = AppIcon;
				ASSETCATALOG_COMPILER_GLOBAL_ACCENT_COLOR_NAME = AccentColor;
				CODE_SIGN_STYLE = Automatic;
				CURRENT_PROJECT_VERSION = 1;
				GENERATE_INFOPLIST_FILE = YES;
				INFOPLIST_FILE = MarvelApp/Info.plist;
				INFOPLIST_KEY_UIApplicationSupportsIndirectInputEvents = YES;
				INFOPLIST_KEY_UILaunchStoryboardName = LaunchScreen;
				INFOPLIST_KEY_UIMainStoryboardFile = Main;
				INFOPLIST_KEY_UISupportedInterfaceOrientations_iPad = "UIInterfaceOrientationPortrait UIInterfaceOrientationPortraitUpsideDown UIInterfaceOrientationLandscapeLeft UIInterfaceOrientationLandscapeRight";
				INFOPLIST_KEY_UISupportedInterfaceOrientations_iPhone = "UIInterfaceOrientationPortrait UIInterfaceOrientationLandscapeLeft UIInterfaceOrientationLandscapeRight";
				IPHONEOS_DEPLOYMENT_TARGET = 13.0;
				LD_RUNPATH_SEARCH_PATHS = (
					"$(inherited)",
					"@executable_path/Frameworks",
				);
				MARKETING_VERSION = 1.0;
				PRODUCT_BUNDLE_IDENTIFIER = mart.MarvelApp;
				PRODUCT_NAME = "$(TARGET_NAME)";
				SWIFT_EMIT_LOC_STRINGS = YES;
				SWIFT_VERSION = 5.0;
				TARGETED_DEVICE_FAMILY = 1;
			};
			name = Release;
		};
		378E3A9628B53BFC00A41D9E /* Debug */ = {
			isa = XCBuildConfiguration;
			buildSettings = {
				ALWAYS_EMBED_SWIFT_STANDARD_LIBRARIES = YES;
				BUNDLE_LOADER = "$(TEST_HOST)";
				CODE_SIGN_STYLE = Automatic;
				CURRENT_PROJECT_VERSION = 1;
				GENERATE_INFOPLIST_FILE = YES;
				IPHONEOS_DEPLOYMENT_TARGET = 15.5;
				MARKETING_VERSION = 1.0;
				PRODUCT_BUNDLE_IDENTIFIER = mart.MarvelAppTests;
				PRODUCT_NAME = "$(TARGET_NAME)";
				SWIFT_EMIT_LOC_STRINGS = NO;
				SWIFT_VERSION = 5.0;
				TARGETED_DEVICE_FAMILY = "1,2";
				TEST_HOST = "$(BUILT_PRODUCTS_DIR)/MarvelApp.app/MarvelApp";
			};
			name = Debug;
		};
		378E3A9728B53BFC00A41D9E /* Release */ = {
			isa = XCBuildConfiguration;
			buildSettings = {
				ALWAYS_EMBED_SWIFT_STANDARD_LIBRARIES = YES;
				BUNDLE_LOADER = "$(TEST_HOST)";
				CODE_SIGN_STYLE = Automatic;
				CURRENT_PROJECT_VERSION = 1;
				GENERATE_INFOPLIST_FILE = YES;
				IPHONEOS_DEPLOYMENT_TARGET = 15.5;
				MARKETING_VERSION = 1.0;
				PRODUCT_BUNDLE_IDENTIFIER = mart.MarvelAppTests;
				PRODUCT_NAME = "$(TARGET_NAME)";
				SWIFT_EMIT_LOC_STRINGS = NO;
				SWIFT_VERSION = 5.0;
				TARGETED_DEVICE_FAMILY = "1,2";
				TEST_HOST = "$(BUILT_PRODUCTS_DIR)/MarvelApp.app/MarvelApp";
			};
			name = Release;
		};
		378E3A9928B53BFC00A41D9E /* Debug */ = {
			isa = XCBuildConfiguration;
			buildSettings = {
				ALWAYS_EMBED_SWIFT_STANDARD_LIBRARIES = YES;
				CODE_SIGN_STYLE = Automatic;
				CURRENT_PROJECT_VERSION = 1;
				GENERATE_INFOPLIST_FILE = YES;
				MARKETING_VERSION = 1.0;
				PRODUCT_BUNDLE_IDENTIFIER = mart.MarvelAppUITests;
				PRODUCT_NAME = "$(TARGET_NAME)";
				SWIFT_EMIT_LOC_STRINGS = NO;
				SWIFT_VERSION = 5.0;
				TARGETED_DEVICE_FAMILY = "1,2";
				TEST_TARGET_NAME = MarvelApp;
			};
			name = Debug;
		};
		378E3A9A28B53BFC00A41D9E /* Release */ = {
			isa = XCBuildConfiguration;
			buildSettings = {
				ALWAYS_EMBED_SWIFT_STANDARD_LIBRARIES = YES;
				CODE_SIGN_STYLE = Automatic;
				CURRENT_PROJECT_VERSION = 1;
				GENERATE_INFOPLIST_FILE = YES;
				MARKETING_VERSION = 1.0;
				PRODUCT_BUNDLE_IDENTIFIER = mart.MarvelAppUITests;
				PRODUCT_NAME = "$(TARGET_NAME)";
				SWIFT_EMIT_LOC_STRINGS = NO;
				SWIFT_VERSION = 5.0;
				TARGETED_DEVICE_FAMILY = "1,2";
				TEST_TARGET_NAME = MarvelApp;
			};
			name = Release;
		};
/* End XCBuildConfiguration section */

/* Begin XCConfigurationList section */
		378E3A6028B53BFA00A41D9E /* Build configuration list for PBXProject "MarvelApp" */ = {
			isa = XCConfigurationList;
			buildConfigurations = (
				378E3A9028B53BFC00A41D9E /* Debug */,
				378E3A9128B53BFC00A41D9E /* Release */,
			);
			defaultConfigurationIsVisible = 0;
			defaultConfigurationName = Release;
		};
		378E3A9228B53BFC00A41D9E /* Build configuration list for PBXNativeTarget "MarvelApp" */ = {
			isa = XCConfigurationList;
			buildConfigurations = (
				378E3A9328B53BFC00A41D9E /* Debug */,
				378E3A9428B53BFC00A41D9E /* Release */,
			);
			defaultConfigurationIsVisible = 0;
			defaultConfigurationName = Release;
		};
		378E3A9528B53BFC00A41D9E /* Build configuration list for PBXNativeTarget "MarvelAppTests" */ = {
			isa = XCConfigurationList;
			buildConfigurations = (
				378E3A9628B53BFC00A41D9E /* Debug */,
				378E3A9728B53BFC00A41D9E /* Release */,
			);
			defaultConfigurationIsVisible = 0;
			defaultConfigurationName = Release;
		};
		378E3A9828B53BFC00A41D9E /* Build configuration list for PBXNativeTarget "MarvelAppUITests" */ = {
			isa = XCConfigurationList;
			buildConfigurations = (
				378E3A9928B53BFC00A41D9E /* Debug */,
				378E3A9A28B53BFC00A41D9E /* Release */,
			);
			defaultConfigurationIsVisible = 0;
			defaultConfigurationName = Release;
		};
/* End XCConfigurationList section */

/* Begin XCVersionGroup section */
		378E3A7128B53BFA00A41D9E /* MarvelApp.xcdatamodeld */ = {
			isa = XCVersionGroup;
			children = (
				378E3A7228B53BFA00A41D9E /* MarvelApp.xcdatamodel */,
			);
			currentVersion = 378E3A7228B53BFA00A41D9E /* MarvelApp.xcdatamodel */;
			path = MarvelApp.xcdatamodeld;
			sourceTree = "<group>";
			versionGroupType = wrapper.xcdatamodel;
		};
/* End XCVersionGroup section */
	};
	rootObject = 378E3A5D28B53BFA00A41D9E /* Project object */;
}
